
Microsoft Visual Studio Solution File, Format Version 11.00
# Visual Studio 2010
Project("{FAE04EC0-301F-11D3-BF4B-00C04F79EFBC}") = "lba", "Assembly-CSharp.csproj", "{43DE5EC9-BAD6-F085-3E4F-579596B8A15E}"
EndProject
Project("{FAE04EC0-301F-11D3-BF4B-00C04F79EFBC}") = "lba", "Assembly-CSharp-Editor.csproj", "{086FB5E6-0361-FB29-4011-09F464504B3B}"
EndProject
Global
	GlobalSection(SolutionConfigurationPlatforms) = preSolution
		Debug|Any CPU = Debug|Any CPU
		Release|Any CPU = Release|Any CPU
	EndGlobalSection
	GlobalSection(ProjectConfigurationPlatforms) = postSolution
		{43DE5EC9-BAD6-F085-3E4F-579596B8A15E}.Debug|Any CPU.ActiveCfg = Debug|Any CPU
		{43DE5EC9-BAD6-F085-3E4F-579596B8A15E}.Debug|Any CPU.Build.0 = Debug|Any CPU
		{43DE5EC9-BAD6-F085-3E4F-579596B8A15E}.Release|Any CPU.ActiveCfg = Release|Any CPU
		{43DE5EC9-BAD6-F085-3E4F-579596B8A15E}.Release|Any CPU.Build.0 = Release|Any CPU
		{086FB5E6-0361-FB29-4011-09F464504B3B}.Debug|Any CPU.ActiveCfg = Debug|Any CPU
		{086FB5E6-0361-FB29-4011-09F464504B3B}.Debug|Any CPU.Build.0 = Debug|Any CPU
		{086FB5E6-0361-FB29-4011-09F464504B3B}.Release|Any CPU.ActiveCfg = Release|Any CPU
		{086FB5E6-0361-FB29-4011-09F464504B3B}.Release|Any CPU.Build.0 = Release|Any CPU
	EndGlobalSection
	GlobalSection(SolutionProperties) = preSolution
		HideSolutionNode = FALSE
	EndGlobalSection
	GlobalSection(MonoDevelopProperties) = preSolution
		StartupItem = Assembly-CSharp.csproj
	EndGlobalSection
EndGlobal
